{
  "name": "css-language-features",
  "version": "1.0.0",
  "lockfileVersion": 3,
  "requires": true,
  "packages": {
    "": {
      "name": "css-language-features",
      "version": "1.0.0",
      "license": "MIT",
      "dependencies": {
        "vscode-languageclient": "^10.0.0-next.17",
        "vscode-uri": "^3.1.0"
      },
      "devDependencies": {
        "@types/node": "22.x"
      },
      "engines": {
        "vscode": "^1.77.0"
      }
    },
    "node_modules/@isaacs/balanced-match": {
      "version": "4.0.1",
      "resolved": "https://registry.npmjs.org/@isaacs/balanced-match/-/balanced-match-4.0.1.tgz",
      "integrity": "sha512-yzMTt9lEb8Gv7zRioUilSglI0c0smZ9k5D65677DLWLtWJaXIS3CqcGyUFByYKlnUj6TkjLVs54fBl6+TiGQDQ==",
      "engines": {
        "node": "20 || >=22"
      }
    },
    "node_modules/@isaacs/brace-expansion": {
      "version": "5.0.0",
      "resolved": "https://registry.npmjs.org/@isaacs/brace-expansion/-/brace-expansion-5.0.0.tgz",
      "integrity": "sha512-ZT55BDLV0yv0RBm2czMiZ+SqCGO7AvmOM3G/w2xhVPH+te0aKgFjmBvGlL1dH+ql2tgGO3MVrbb3jCKyvpgnxA==",
      "dependencies": {
        "@isaacs/balanced-match": "^4.0.1"
      },
      "engines": {
        "node": "20 || >=22"
      }
    },
    "node_modules/@types/node": {
      "version": "22.19.3",
      "resolved": "https://registry.npmjs.org/@types/node/-/node-22.19.3.tgz",
      "integrity": "sha512-1N9SBnWYOJTrNZCdh/yJE+t910Y128BoyY+zBLWhL3r0TYzlTmFdXrPwHL9DyFZmlEXNQQolTZh3KHV31QDhyA==",
      "dev": true,
      "dependencies": {
        "undici-types": "~6.21.0"
      }
    },
    "node_modules/minimatch": {
      "version": "10.1.1",
      "resolved": "https://registry.npmjs.org/minimatch/-/minimatch-10.1.1.tgz",
      "integrity": "sha512-enIvLvRAFZYXJzkCYG5RKmPfrFArdLv+R+lbQ53BmIMLIry74bjKzX6iHAm8WYamJkhSSEabrWN5D97XnKObjQ==",
      "dependencies": {
        "@isaacs/brace-expansion": "^5.0.0"
      },
      "engines": {
        "node": "20 || >=22"
      },
      "funding": {
        "url": "https://github.com/sponsors/isaacs"
      }
    },
    "node_modules/semver": {
      "version": "7.7.3",
      "resolved": "https://registry.npmjs.org/semver/-/semver-7.7.3.tgz",
      "integrity": "sha512-SdsKMrI9TdgjdweUSR9MweHA4EJ8YxHn8DFaDisvhVlUOe4BF1tLD7GAj0lIqWVl+dPb/rExr0Btby5loQm20Q==",
      "bin": {
        "semver": "bin/semver.js"
      },
      "engines": {
        "node": ">=10"
      }
    },
    "node_modules/undici-types": {
      "version": "6.21.0",
      "resolved": "https://registry.npmjs.org/undici-types/-/undici-types-6.21.0.tgz",
      "integrity": "sha512-iwDZqg0QAGrg9Rav5H4n0M64c3mkR59cJ6wQp+7C4nI0gsmExaedaYLNO44eT4AtBBwjbTiGPMlt2Md0T9H9JQ==",
      "dev": true
    },
    "node_modules/vscode-jsonrpc": {
      "version": "9.0.0-next.11",
      "resolved": "https://registry.npmjs.org/vscode-jsonrpc/-/vscode-jsonrpc-9.0.0-next.11.tgz",
      "integrity": "sha512-u6LElQNbSiE9OugEEmrUKwH6+8BpPz2S5MDHvQUqHL//I4Q8GPikKLOUf856UnbLkZdhxaPrExac1lA3XwpIPA==",
      "engines": {
        "node": ">=14.0.0"
      }
    },
    "node_modules/vscode-languageclient": {
      "version": "10.0.0-next.19",
      "resolved": "https://registry.npmjs.org/vscode-languageclient/-/vscode-languageclient-10.0.0-next.19.tgz",
      "integrity": "sha512-sJtO8y0Dxs4ue/DK0QgO/ATBfZwQdee3TqvCsoqUej/GZrBA01DTf4pbfswRxHsTxN2yH0haImUnMafWHtE4CQ==",
      "dependencies": {
        "minimatch": "^10.0.3",
        "semver": "^7.7.1",
        "vscode-languageserver-protocol": "3.17.6-next.16"
      },
      "engines": {
        "vscode": "^1.91.0"
      }
    },
    "node_modules/vscode-languageserver-protocol": {
      "version": "3.17.6-next.16",
      "resolved": "https://registry.npmjs.org/vscode-languageserver-protocol/-/vscode-languageserver-protocol-3.17.6-next.16.tgz",
      "integrity": "sha512-kQTjXEuyxMbdmmZ3U+Lib3oUl12xEKNc73RtWxPSDS3TFtjVwt98Q1CUzfDA9EUpsA24M46Bl6q3sLe9AUOKyw==",
      "dependencies": {
        "vscode-jsonrpc": "9.0.0-next.11",
        "vscode-languageserver-types": "3.17.6-next.6"
      }
    },
    "node_modules/vscode-languageserver-types": {
      "version": "3.17.6-next.6",
      "resolved": "https://registry.npmjs.org/vscode-languageserver-types/-/vscode-languageserver-types-3.17.6-next.6.tgz",
      "integrity": "sha512-aiJY5/yW+xzw7KPNlwi3gQtddq/3EIn5z8X8nCgJfaiAij2R1APKePngv+MUdLdYJBVTLu+Qa0ODsT+pHgYguQ=="
    },
    "node_modules/vscode-uri": {
      "version": "3.1.0",
      "resolved": "https://registry.npmjs.org/vscode-uri/-/vscode-uri-3.1.0.tgz",
      "integrity": "sha512-/BpdSx+yCQGnCvecbyXdxHDkuk55/G3xwnC0GqY4gmQ3j+A+g8kzzgB4Nk/SINjqn6+waqw3EgbVF2QKExkRxQ=="
    }
  }
}
